
Microsoft Visual Studio Solution File, Format Version 12.00
# Visual Studio 15
VisualStudioVersion = 15.0.27703.2047
MinimumVisualStudioVersion = 10.0.40219.1
Project("{9A19103F-16F7-4668-BE54-9A1E7A4F7556}") = "Discord_bot", "Discord_bot.csproj", "{8A6FDACC-1D2F-4AD5-863E-F4F54FCBE584}"
EndProject
Project("{E53339B2-1760-4266-BCC7-CA923CBCF16C}") = "docker-compose", "docker-compose.dcproj", "{DB7B5247-D39F-446A-A86C-431ADAE17917}"
EndProject
Global
	GlobalSection(SolutionConfigurationPlatforms) = preSolution
		Debug|Any CPU = Debug|Any CPU
		Release|Any CPU = Release|Any CPU
	EndGlobalSection
	GlobalSection(ProjectConfigurationPlatforms) = postSolution
		{8A6FDACC-1D2F-4AD5-863E-F4F54FCBE584}.Debug|Any CPU.ActiveCfg = Debug|Any CPU
		{8A6FDACC-1D2F-4AD5-863E-F4F54FCBE584}.Debug|Any CPU.Build.0 = Debug|Any CPU
		{8A6FDACC-1D2F-4AD5-863E-F4F54FCBE584}.Release|Any CPU.ActiveCfg = Release|Any CPU
		{8A6FDACC-1D2F-4AD5-863E-F4F54FCBE584}.Release|Any CPU.Build.0 = Release|Any CPU
		{DB7B5247-D39F-446A-A86C-431ADAE17917}.Debug|Any CPU.ActiveCfg = Debug|Any CPU
		{DB7B5247-D39F-446A-A86C-431ADAE17917}.Debug|Any CPU.Build.0 = Debug|Any CPU
		{DB7B5247-D39F-446A-A86C-431ADAE17917}.Release|Any CPU.ActiveCfg = Release|Any CPU
		{DB7B5247-D39F-446A-A86C-431ADAE17917}.Release|Any CPU.Build.0 = Release|Any CPU
	EndGlobalSection
	GlobalSection(SolutionProperties) = preSolution
		HideSolutionNode = FALSE
	EndGlobalSection
	GlobalSection(ExtensibilityGlobals) = postSolution
		SolutionGuid = {A04933CB-7EF6-47CC-B759-A80206152B03}
	EndGlobalSection
EndGlobal
